<?xml version="1.0" encoding="utf-8"?>
<Project ToolsVersion="4.0" xmlns="http://schemas.microsoft.com/developer/msbuild/2003">
  <ItemGroup>
    <Filter Include="Source Files">
      <UniqueIdentifier>{4FC737F1-C7A5-4376-A066-2A32D752A2FF}</UniqueIdentifier>
      <Extensions>cpp;c;cc;cxx;c++;cppm;ixx;def;odl;idl;hpj;bat;asm;asmx</Extensions>
    </Filter>
    <Filter Include="Header Files">
      <UniqueIdentifier>{93995380-89BD-4b04-88EB-625FBE52EBFB}</UniqueIdentifier>
      <Extensions>h;hh;hpp;hxx;h++;hm;inl;inc;ipp;xsd</Extensions>
    </Filter>
    <Filter Include="Resource Files">
      <UniqueIdentifier>{67DA6AB6-F800-4c08-8B7A-83BB121AAD01}</UniqueIdentifier>
      <Extensions>rc;ico;cur;bmp;dlg;rc2;rct;bin;rgs;gif;jpg;jpeg;jpe;resx;tiff;tif;png;wav;mfcribbon-ms</Extensions>
    </Filter>
    <Filter Include="Helper files">
      <UniqueIdentifier>{a7adf6ed-f831-4e22-896b-5bdb12945525}</UniqueIdentifier>
      <Extensions>c;h</Extensions>
    </Filter>
  </ItemGroup>
  <ItemGroup>
    <ClCompile Include="program.c">
      <Filter>Source Files</Filter>
    </ClCompile>
    <ClCompile Include="helpers\stringlist.c">
      <Filter>Helper files</Filter>
    </ClCompile>
    <ClCompile Include="Adapter_Exercise.c">
      <Filter>Source Files</Filter>
    </ClCompile>
    <ClCompile Include="Bridge_Exercise.c">
      <Filter>Source Files</Filter>
    </ClCompile>
    <ClCompile Include="Command_Exercise.c">
      <Filter>Source Files</Filter>
    </ClCompile>
    <ClCompile Include="Composite_Exercise.c">
      <Filter>Source Files</Filter>
    </ClCompile>
    <ClCompile Include="Decorator_Exercise.c">
      <Filter>Source Files</Filter>
    </ClCompile>
    <ClCompile Include="Facade_Exercise.c">
      <Filter>Source Files</Filter>
    </ClCompile>
    <ClCompile Include="Flyweight_Exercise.c">
      <Filter>Source Files</Filter>
    </ClCompile>
    <ClCompile Include="HandlerChain_Exercise.c">
      <Filter>Source Files</Filter>
    </ClCompile>
    <ClCompile Include="Interpreter_Exercise.c">
      <Filter>Source Files</Filter>
    </ClCompile>
    <ClCompile Include="Iterator_Exercise.c">
      <Filter>Source Files</Filter>
    </ClCompile>
    <ClCompile Include="Mediator_Exercise.c">
      <Filter>Source Files</Filter>
    </ClCompile>
    <ClCompile Include="Memento_Exercise.c">
      <Filter>Source Files</Filter>
    </ClCompile>
    <ClCompile Include="NullObject_Exercise.c">
      <Filter>Source Files</Filter>
    </ClCompile>
    <ClCompile Include="Observer_Exercise.c">
      <Filter>Source Files</Filter>
    </ClCompile>
    <ClCompile Include="Proxy_Exercise.c">
      <Filter>Source Files</Filter>
    </ClCompile>
    <ClCompile Include="State_Exercise.c">
      <Filter>Source Files</Filter>
    </ClCompile>
    <ClCompile Include="Strategy_Exercise.c">
      <Filter>Source Files</Filter>
    </ClCompile>
    <ClCompile Include="Visitor_Exercise.c">
      <Filter>Source Files</Filter>
    </ClCompile>
    <ClCompile Include="Adapter_BackEndFunctions.c">
      <Filter>Source Files</Filter>
    </ClCompile>
    <ClCompile Include="Adapter_Functions.c">
      <Filter>Source Files</Filter>
    </ClCompile>
    <ClCompile Include="Bridge_ILogger.c">
      <Filter>Source Files</Filter>
    </ClCompile>
    <ClCompile Include="Bridge_ConsoleLogger.c">
      <Filter>Source Files</Filter>
    </ClCompile>
    <ClCompile Include="Bridge_LogHelper.c">
      <Filter>Source Files</Filter>
    </ClCompile>
    <ClCompile Include="helpers\makelocaltime.c">
      <Filter>Helper files</Filter>
    </ClCompile>
    <ClCompile Include="Bridge_NullLogger.c">
      <Filter>Source Files</Filter>
    </ClCompile>
    <ClCompile Include="Bridge_FileLogger.c">
      <Filter>Source Files</Filter>
    </ClCompile>
    <ClCompile Include="Command_TextObject.c">
      <Filter>Source Files</Filter>
    </ClCompile>
    <ClCompile Include="Command_Command.c">
      <Filter>Source Files</Filter>
    </ClCompile>
    <ClCompile Include="helpers\replace.c">
      <Filter>Helper files</Filter>
    </ClCompile>
    <ClCompile Include="helpers\strstri.c">
      <Filter>Helper files</Filter>
    </ClCompile>
    <ClCompile Include="helpers\stack.c">
      <Filter>Helper files</Filter>
    </ClCompile>
    <ClCompile Include="Composite_FileDirEntry.c">
      <Filter>Source Files</Filter>
    </ClCompile>
    <ClCompile Include="Composite_FileAccess.c">
      <Filter>Source Files</Filter>
    </ClCompile>
    <ClCompile Include="helpers\split.c">
      <Filter>Helper files</Filter>
    </ClCompile>
    <ClCompile Include="helpers\dynamicstring.c">
      <Filter>Helper files</Filter>
    </ClCompile>
    <ClCompile Include="helpers\datetime.c">
      <Filter>Helper files</Filter>
    </ClCompile>
    <ClCompile Include="helpers\enablevtmode.c">
      <Filter>Helper files</Filter>
    </ClCompile>
  </ItemGroup>
  <ItemGroup>
    <ClInclude Include="helpers\stringlist.h">
      <Filter>Helper files</Filter>
    </ClInclude>
    <ClInclude Include="Adapter_Exercise.h">
      <Filter>Header Files</Filter>
    </ClInclude>
    <ClInclude Include="Bridge_Exercise.h">
      <Filter>Header Files</Filter>
    </ClInclude>
    <ClInclude Include="Command_Exercise.h">
      <Filter>Header Files</Filter>
    </ClInclude>
    <ClInclude Include="Composite_Exercise.h">
      <Filter>Header Files</Filter>
    </ClInclude>
    <ClInclude Include="Decorator_Exercise.h">
      <Filter>Header Files</Filter>
    </ClInclude>
    <ClInclude Include="Facade_Exercise.h">
      <Filter>Header Files</Filter>
    </ClInclude>
    <ClInclude Include="Flyweight_Exercise.h">
      <Filter>Header Files</Filter>
    </ClInclude>
    <ClInclude Include="HandlerChain_Exercise.h">
      <Filter>Header Files</Filter>
    </ClInclude>
    <ClInclude Include="Interpreter_Exercise.h">
      <Filter>Header Files</Filter>
    </ClInclude>
    <ClInclude Include="Iterator_Exercise.h">
      <Filter>Header Files</Filter>
    </ClInclude>
    <ClInclude Include="Mediator_Exercise.h">
      <Filter>Header Files</Filter>
    </ClInclude>
    <ClInclude Include="Memento_Exercise.h">
      <Filter>Header Files</Filter>
    </ClInclude>
    <ClInclude Include="NullObject_Exercise.h">
      <Filter>Header Files</Filter>
    </ClInclude>
    <ClInclude Include="Observer_Exercise.h">
      <Filter>Header Files</Filter>
    </ClInclude>
    <ClInclude Include="Proxy_Exercise.h">
      <Filter>Header Files</Filter>
    </ClInclude>
    <ClInclude Include="State_Exercise.h">
      <Filter>Header Files</Filter>
    </ClInclude>
    <ClInclude Include="Strategy_Exercise.h">
      <Filter>Header Files</Filter>
    </ClInclude>
    <ClInclude Include="Visitor_Exercise.h">
      <Filter>Header Files</Filter>
    </ClInclude>
    <ClInclude Include="Adapter_BackEndFunctions.h">
      <Filter>Header Files</Filter>
    </ClInclude>
    <ClInclude Include="Adapter_Functions.h">
      <Filter>Header Files</Filter>
    </ClInclude>
    <ClInclude Include="Bridge_ILogger.h">
      <Filter>Header Files</Filter>
    </ClInclude>
    <ClInclude Include="Bridge_LogHelper.h">
      <Filter>Header Files</Filter>
    </ClInclude>
    <ClInclude Include="helpers\makelocaltime.h">
      <Filter>Helper files</Filter>
    </ClInclude>
    <ClInclude Include="Bridge_ConsoleLogger.h">
      <Filter>Header Files</Filter>
    </ClInclude>
    <ClInclude Include="Bridge_NullLogger.h">
      <Filter>Header Files</Filter>
    </ClInclude>
    <ClInclude Include="Bridge_FileLogger.h">
      <Filter>Header Files</Filter>
    </ClInclude>
    <ClInclude Include="Command_Command.h">
      <Filter>Header Files</Filter>
    </ClInclude>
    <ClInclude Include="Command_TextObject.h">
      <Filter>Header Files</Filter>
    </ClInclude>
    <ClInclude Include="helpers\replace.h">
      <Filter>Helper files</Filter>
    </ClInclude>
    <ClInclude Include="helpers\strstri.h">
      <Filter>Helper files</Filter>
    </ClInclude>
    <ClInclude Include="helpers\stack.h">
      <Filter>Helper files</Filter>
    </ClInclude>
    <ClInclude Include="Composite_FileDirEntry.h">
      <Filter>Header Files</Filter>
    </ClInclude>
    <ClInclude Include="Composite_FileAccess.h">
      <Filter>Header Files</Filter>
    </ClInclude>
    <ClInclude Include="helpers\split.h">
      <Filter>Helper files</Filter>
    </ClInclude>
    <ClInclude Include="helpers\dynamicstring.h">
      <Filter>Helper files</Filter>
    </ClInclude>
    <ClInclude Include="helpers\datetime.h">
      <Filter>Helper files</Filter>
    </ClInclude>
    <ClInclude Include="helpers\enablevtmode.h">
      <Filter>Helper files</Filter>
    </ClInclude>
  </ItemGroup>
</Project>