<?xml version="1.0" encoding="utf-8"?>
<Project ToolsVersion="4.0" xmlns="http://schemas.microsoft.com/developer/msbuild/2003">
  <ItemGroup>
    <Filter Include="Source Files">
      <UniqueIdentifier>{4FC737F1-C7A5-4376-A066-2A32D752A2FF}</UniqueIdentifier>
      <Extensions>cpp;c;cc;cxx;c++;cppm;ixx;def;odl;idl;hpj;bat;asm;asmx</Extensions>
    </Filter>
    <Filter Include="Header Files">
      <UniqueIdentifier>{93995380-89BD-4b04-88EB-625FBE52EBFB}</UniqueIdentifier>
      <Extensions>h;hh;hpp;hxx;h++;hm;inl;inc;ipp;xsd</Extensions>
    </Filter>
    <Filter Include="Resource Files">
      <UniqueIdentifier>{67DA6AB6-F800-4c08-8B7A-83BB121AAD01}</UniqueIdentifier>
      <Extensions>rc;ico;cur;bmp;dlg;rc2;rct;bin;rgs;gif;jpg;jpeg;jpe;resx;tiff;tif;png;wav;mfcribbon-ms</Extensions>
    </Filter>
    <Filter Include="Helper Files">
      <UniqueIdentifier>{7ed0eaa8-5fd1-4e9c-ad57-a1550cb2731b}</UniqueIdentifier>
    </Filter>
  </ItemGroup>
  <ItemGroup>
    <ClCompile Include="program.cpp">
      <Filter>Source Files</Filter>
    </ClCompile>
    <ClCompile Include="helpers\replace.cpp">
      <Filter>Helper Files</Filter>
    </ClCompile>
    <ClCompile Include="helpers\replacew.cpp">
      <Filter>Helper Files</Filter>
    </ClCompile>
    <ClCompile Include="helpers\strstri.cpp">
      <Filter>Helper Files</Filter>
    </ClCompile>
    <ClCompile Include="helpers\wcsstri.cpp">
      <Filter>Helper Files</Filter>
    </ClCompile>
    <ClCompile Include="Adapter_FrontEndClass.cpp">
      <Filter>Source Files</Filter>
    </ClCompile>
    <ClCompile Include="Adapter_BackEndFunctions.cpp">
      <Filter>Source Files</Filter>
    </ClCompile>
    <ClCompile Include="Bridge_Logger.cpp">
      <Filter>Source Files</Filter>
    </ClCompile>
    <ClCompile Include="Bridge_NullLogger.cpp">
      <Filter>Source Files</Filter>
    </ClCompile>
    <ClCompile Include="Bridge_ConsoleLogger.cpp">
      <Filter>Source Files</Filter>
    </ClCompile>
    <ClCompile Include="Bridge_LoggerHelpers.cpp">
      <Filter>Source Files</Filter>
    </ClCompile>
    <ClCompile Include="Bridge_FileLogger.cpp">
      <Filter>Source Files</Filter>
    </ClCompile>
    <ClCompile Include="helpers\makelocaltime.cpp">
      <Filter>Helper Files</Filter>
    </ClCompile>
    <ClCompile Include="helpers\DateTime.cpp">
      <Filter>Helper Files</Filter>
    </ClCompile>
    <ClCompile Include="Composite_FileAccess.cpp">
      <Filter>Source Files</Filter>
    </ClCompile>
    <ClCompile Include="helpers\split.cpp">
      <Filter>Helper Files</Filter>
    </ClCompile>
    <ClCompile Include="helpers\splitw.cpp">
      <Filter>Helper Files</Filter>
    </ClCompile>
    <ClCompile Include="helpers\enablevtmode.cpp">
      <Filter>Helper Files</Filter>
    </ClCompile>
    <ClCompile Include="Facade_ComplicatedSubSystem.cpp">
      <Filter>Source Files</Filter>
    </ClCompile>
    <ClCompile Include="Facade_Interface.cpp">
      <Filter>Source Files</Filter>
    </ClCompile>
    <ClCompile Include="helpers\sleep.cpp">
      <Filter>Helper Files</Filter>
    </ClCompile>
    <ClCompile Include="helpers\cursor.cpp">
      <Filter>Helper Files</Filter>
    </ClCompile>
    <ClCompile Include="helpers\checkforkey.cpp">
      <Filter>Helper Files</Filter>
    </ClCompile>
    <ClCompile Include="helpers\readkey.cpp">
      <Filter>Helper Files</Filter>
    </ClCompile>
    <ClCompile Include="Flyweight_Classes.cpp">
      <Filter>Source Files</Filter>
    </ClCompile>
    <ClCompile Include="Proxy_Class.cpp">
      <Filter>Source Files</Filter>
    </ClCompile>
    <ClCompile Include="Visitor_Element_Classes.cpp">
      <Filter>Source Files</Filter>
    </ClCompile>
    <ClCompile Include="Visitor_Village.cpp">
      <Filter>Source Files</Filter>
    </ClCompile>
  </ItemGroup>
  <ItemGroup>
    <ClInclude Include="helpers\replace.h">
      <Filter>Helper Files</Filter>
    </ClInclude>
    <ClInclude Include="helpers\stringlist.h">
      <Filter>Helper Files</Filter>
    </ClInclude>
    <ClInclude Include="helpers\strstri.h">
      <Filter>Helper Files</Filter>
    </ClInclude>
    <ClInclude Include="helpers\wcsstri.h">
      <Filter>Helper Files</Filter>
    </ClInclude>
    <ClInclude Include="Adapter_BackEndFunctions.h">
      <Filter>Source Files</Filter>
    </ClInclude>
    <ClInclude Include="Bridge_LoggerInterface.h">
      <Filter>Source Files</Filter>
    </ClInclude>
    <ClInclude Include="Bridge_Logger.h">
      <Filter>Source Files</Filter>
    </ClInclude>
    <ClInclude Include="Bridge_NullLogger.h">
      <Filter>Source Files</Filter>
    </ClInclude>
    <ClInclude Include="Bridge_ConsoleLogger.h">
      <Filter>Source Files</Filter>
    </ClInclude>
    <ClInclude Include="Bridge_LoggerHelpers.h">
      <Filter>Source Files</Filter>
    </ClInclude>
    <ClInclude Include="Bridge_FileLogger.h">
      <Filter>Source Files</Filter>
    </ClInclude>
    <ClInclude Include="helpers\makelocaltime.h">
      <Filter>Helper Files</Filter>
    </ClInclude>
    <ClInclude Include="Adapter_FrontEndClass.h">
      <Filter>Source Files</Filter>
    </ClInclude>
    <ClInclude Include="helpers\DateTime.h">
      <Filter>Helper Files</Filter>
    </ClInclude>
    <ClInclude Include="Composite_FileDirEntry.h">
      <Filter>Source Files</Filter>
    </ClInclude>
    <ClInclude Include="Composite_FileAccess.h">
      <Filter>Source Files</Filter>
    </ClInclude>
    <ClInclude Include="helpers\split.h">
      <Filter>Helper Files</Filter>
    </ClInclude>
    <ClInclude Include="helpers\argumentnull_error.h">
      <Filter>Helper Files</Filter>
    </ClInclude>
    <ClInclude Include="Decorator_Classes.h">
      <Filter>Source Files</Filter>
    </ClInclude>
    <ClInclude Include="helpers\enablevtmode.h">
      <Filter>Helper Files</Filter>
    </ClInclude>
    <ClInclude Include="Facade_Interface.h">
      <Filter>Source Files</Filter>
    </ClInclude>
    <ClInclude Include="FacadeSubsystem_Interface.h">
      <Filter>Source Files</Filter>
    </ClInclude>
    <ClInclude Include="helpers\sleep.h">
      <Filter>Helper Files</Filter>
    </ClInclude>
    <ClInclude Include="helpers\cursor.h">
      <Filter>Helper Files</Filter>
    </ClInclude>
    <ClInclude Include="helpers\checkforkey.h">
      <Filter>Helper Files</Filter>
    </ClInclude>
    <ClInclude Include="helpers\readkey.h">
      <Filter>Helper Files</Filter>
    </ClInclude>
    <ClInclude Include="Flyweight_Classes.h">
      <Filter>Source Files</Filter>
    </ClInclude>
    <ClInclude Include="Proxy_Class.h">
      <Filter>Source Files</Filter>
    </ClInclude>
    <ClInclude Include="Visitor_Element_Classes.h">
      <Filter>Source Files</Filter>
    </ClInclude>
    <ClInclude Include="Visitor_Visitor_Class.h">
      <Filter>Source Files</Filter>
    </ClInclude>
    <ClInclude Include="Visitor_Village.h">
      <Filter>Source Files</Filter>
    </ClInclude>
    <ClInclude Include="Visitor_Shop.h">
      <Filter>Source Files</Filter>
    </ClInclude>
    <ClInclude Include="helpers\mapofstrings.h">
      <Filter>Helper Files</Filter>
    </ClInclude>
  </ItemGroup>
</Project>